
Microsoft Visual Studio Solution File, Format Version 12.00
# Visual Studio 15
VisualStudioVersion = 15.0.26730.16
MinimumVisualStudioVersion = 10.0.40219.1
Project("{FAE04EC0-301F-11D3-BF4B-00C04F79EFBC}") = "Zadatak1", "Zadatak1\Zadatak1.csproj", "{CF3D18D7-A706-485E-A64B-25FB4F9180C4}"
EndProject
Project("{FAE04EC0-301F-11D3-BF4B-00C04F79EFBC}") = "Zadatak2", "Zadatak2\Zadatak2.csproj", "{BDEB2C8D-2990-4846-9807-1377158BBE39}"
EndProject
Global
	GlobalSection(SolutionConfigurationPlatforms) = preSolution
		Debug|Any CPU = Debug|Any CPU
		Release|Any CPU = Release|Any CPU
	EndGlobalSection
	GlobalSection(ProjectConfigurationPlatforms) = postSolution
		{CF3D18D7-A706-485E-A64B-25FB4F9180C4}.Debug|Any CPU.ActiveCfg = Debug|Any CPU
		{CF3D18D7-A706-485E-A64B-25FB4F9180C4}.Debug|Any CPU.Build.0 = Debug|Any CPU
		{CF3D18D7-A706-485E-A64B-25FB4F9180C4}.Release|Any CPU.ActiveCfg = Release|Any CPU
		{CF3D18D7-A706-485E-A64B-25FB4F9180C4}.Release|Any CPU.Build.0 = Release|Any CPU
		{BDEB2C8D-2990-4846-9807-1377158BBE39}.Debug|Any CPU.ActiveCfg = Debug|Any CPU
		{BDEB2C8D-2990-4846-9807-1377158BBE39}.Debug|Any CPU.Build.0 = Debug|Any CPU
		{BDEB2C8D-2990-4846-9807-1377158BBE39}.Release|Any CPU.ActiveCfg = Release|Any CPU
		{BDEB2C8D-2990-4846-9807-1377158BBE39}.Release|Any CPU.Build.0 = Release|Any CPU
	EndGlobalSection
	GlobalSection(SolutionProperties) = preSolution
		HideSolutionNode = FALSE
	EndGlobalSection
	GlobalSection(ExtensibilityGlobals) = postSolution
		SolutionGuid = {E456D44D-7A1C-42DC-9C84-2662CD07DAB0}
	EndGlobalSection
EndGlobal
